
Microsoft Visual Studio Solution File, Format Version 12.00
# Visual Studio Version 17
VisualStudioVersion = 17.5.33516.290
MinimumVisualStudioVersion = 10.0.40219.1
Project("{FAE04EC0-301F-11D3-BF4B-00C04F79EFBC}") = "Project.MVC", "Project.MVC\Project.MVC.csproj", "{46A0BA0D-796C-48B9-86E6-37A4DCCD1F92}"
EndProject
Project("{FAE04EC0-301F-11D3-BF4B-00C04F79EFBC}") = "Project.Service", "Project.Service\Project.Service.csproj", "{BB3C2DB5-54E1-445C-8028-9F8EEEB3CAC1}"
EndProject
Global
	GlobalSection(SolutionConfigurationPlatforms) = preSolution
		Debug|Any CPU = Debug|Any CPU
		Release|Any CPU = Release|Any CPU
	EndGlobalSection
	GlobalSection(ProjectConfigurationPlatforms) = postSolution
		{46A0BA0D-796C-48B9-86E6-37A4DCCD1F92}.Debug|Any CPU.ActiveCfg = Debug|Any CPU
		{46A0BA0D-796C-48B9-86E6-37A4DCCD1F92}.Debug|Any CPU.Build.0 = Debug|Any CPU
		{46A0BA0D-796C-48B9-86E6-37A4DCCD1F92}.Release|Any CPU.ActiveCfg = Release|Any CPU
		{46A0BA0D-796C-48B9-86E6-37A4DCCD1F92}.Release|Any CPU.Build.0 = Release|Any CPU
		{BB3C2DB5-54E1-445C-8028-9F8EEEB3CAC1}.Debug|Any CPU.ActiveCfg = Debug|Any CPU
		{BB3C2DB5-54E1-445C-8028-9F8EEEB3CAC1}.Debug|Any CPU.Build.0 = Debug|Any CPU
		{BB3C2DB5-54E1-445C-8028-9F8EEEB3CAC1}.Release|Any CPU.ActiveCfg = Release|Any CPU
		{BB3C2DB5-54E1-445C-8028-9F8EEEB3CAC1}.Release|Any CPU.Build.0 = Release|Any CPU
	EndGlobalSection
	GlobalSection(SolutionProperties) = preSolution
		HideSolutionNode = FALSE
	EndGlobalSection
	GlobalSection(ExtensibilityGlobals) = postSolution
		SolutionGuid = {30C24CB7-DDFC-404C-993D-E30110459D5F}
	EndGlobalSection
EndGlobal
